// !$*UTF8*$!
{
	archiveVersion = 1;
	classes = {
	};
	objectVersion = 55;
	objects = {

/* Begin PBXBuildFile section */
		FA8D8FDF285CD3B1007E8FE8 /* AppDelegate.swift in Sources */ = {isa = PBXBuildFile; fileRef = FA8D8FDE285CD3B1007E8FE8 /* AppDelegate.swift */; };
		FA8D8FE1285CD3B1007E8FE8 /* SceneDelegate.swift in Sources */ = {isa = PBXBuildFile; fileRef = FA8D8FE0285CD3B1007E8FE8 /* SceneDelegate.swift */; };
		FA8D8FE3285CD3B1007E8FE8 /* ViewController.swift in Sources */ = {isa = PBXBuildFile; fileRef = FA8D8FE2285CD3B1007E8FE8 /* ViewController.swift */; };
		FA8D8FE6285CD3B1007E8FE8 /* Main.storyboard in Resources */ = {isa = PBXBuildFile; fileRef = FA8D8FE4285CD3B1007E8FE8 /* Main.storyboard */; };
		FA8D8FE8285CD3B1007E8FE8 /* Assets.xcassets in Resources */ = {isa = PBXBuildFile; fileRef = FA8D8FE7285CD3B1007E8FE8 /* Assets.xcassets */; };
		FA8D8FEB285CD3B1007E8FE8 /* LaunchScreen.storyboard in Resources */ = {isa = PBXBuildFile; fileRef = FA8D8FE9285CD3B1007E8FE8 /* LaunchScreen.storyboard */; };
		FA8D8FF6285CD3B2007E8FE8 /* FetchDesertRewardTests.swift in Sources */ = {isa = PBXBuildFile; fileRef = FA8D8FF5285CD3B2007E8FE8 /* FetchDesertRewardTests.swift */; };
		FA8D9000285CD3B2007E8FE8 /* FetchDesertRewardUITests.swift in Sources */ = {isa = PBXBuildFile; fileRef = FA8D8FFF285CD3B2007E8FE8 /* FetchDesertRewardUITests.swift */; };
		FA8D9002285CD3B2007E8FE8 /* FetchDesertRewardUITestsLaunchTests.swift in Sources */ = {isa = PBXBuildFile; fileRef = FA8D9001285CD3B2007E8FE8 /* FetchDesertRewardUITestsLaunchTests.swift */; };
		FA8D900F285CD450007E8FE8 /* DesertModels.swift in Sources */ = {isa = PBXBuildFile; fileRef = FA8D900E285CD450007E8FE8 /* DesertModels.swift */; };
		FA8D9012285CD48C007E8FE8 /* Deserts.json in Resources */ = {isa = PBXBuildFile; fileRef = FA8D9010285CD48C007E8FE8 /* Deserts.json */; };
		FA8D9013285CD48C007E8FE8 /* Meals.json in Resources */ = {isa = PBXBuildFile; fileRef = FA8D9011285CD48C007E8FE8 /* Meals.json */; };
/* End PBXBuildFile section */

/* Begin PBXContainerItemProxy section */
		FA8D8FF2285CD3B2007E8FE8 /* PBXContainerItemProxy */ = {
			isa = PBXContainerItemProxy;
			containerPortal = FA8D8FD3285CD3B1007E8FE8 /* Project object */;
			proxyType = 1;
			remoteGlobalIDString = FA8D8FDA285CD3B1007E8FE8;
			remoteInfo = FetchDesertReward;
		};
		FA8D8FFC285CD3B2007E8FE8 /* PBXContainerItemProxy */ = {
			isa = PBXContainerItemProxy;
			containerPortal = FA8D8FD3285CD3B1007E8FE8 /* Project object */;
			proxyType = 1;
			remoteGlobalIDString = FA8D8FDA285CD3B1007E8FE8;
			remoteInfo = FetchDesertReward;
		};
/* End PBXContainerItemProxy section */

/* Begin PBXFileReference section */
		FA8D8FDB285CD3B1007E8FE8 /* FetchDesertReward.app */ = {isa = PBXFileReference; explicitFileType = wrapper.application; includeInIndex = 0; path = FetchDesertReward.app; sourceTree = BUILT_PRODUCTS_DIR; };
		FA8D8FDE285CD3B1007E8FE8 /* AppDelegate.swift */ = {isa = PBXFileReference; lastKnownFileType = sourcecode.swift; path = AppDelegate.swift; sourceTree = "<group>"; };
		FA8D8FE0285CD3B1007E8FE8 /* SceneDelegate.swift */ = {isa = PBXFileReference; lastKnownFileType = sourcecode.swift; path = SceneDelegate.swift; sourceTree = "<group>"; };
		FA8D8FE2285CD3B1007E8FE8 /* ViewController.swift */ = {isa = PBXFileReference; lastKnownFileType = sourcecode.swift; path = ViewController.swift; sourceTree = "<group>"; };
		FA8D8FE5285CD3B1007E8FE8 /* Base */ = {isa = PBXFileReference; lastKnownFileType = file.storyboard; name = Base; path = Base.lproj/Main.storyboard; sourceTree = "<group>"; };
		FA8D8FE7285CD3B1007E8FE8 /* Assets.xcassets */ = {isa = PBXFileReference; lastKnownFileType = folder.assetcatalog; path = Assets.xcassets; sourceTree = "<group>"; };
		FA8D8FEA285CD3B1007E8FE8 /* Base */ = {isa = PBXFileReference; lastKnownFileType = file.storyboard; name = Base; path = Base.lproj/LaunchScreen.storyboard; sourceTree = "<group>"; };
		FA8D8FEC285CD3B1007E8FE8 /* Info.plist */ = {isa = PBXFileReference; lastKnownFileType = text.plist.xml; path = Info.plist; sourceTree = "<group>"; };
		FA8D8FF1285CD3B2007E8FE8 /* FetchDesertRewardTests.xctest */ = {isa = PBXFileReference; explicitFileType = wrapper.cfbundle; includeInIndex = 0; path = FetchDesertRewardTests.xctest; sourceTree = BUILT_PRODUCTS_DIR; };
		FA8D8FF5285CD3B2007E8FE8 /* FetchDesertRewardTests.swift */ = {isa = PBXFileReference; lastKnownFileType = sourcecode.swift; path = FetchDesertRewardTests.swift; sourceTree = "<group>"; };
		FA8D8FFB285CD3B2007E8FE8 /* FetchDesertRewardUITests.xctest */ = {isa = PBXFileReference; explicitFileType = wrapper.cfbundle; includeInIndex = 0; path = FetchDesertRewardUITests.xctest; sourceTree = BUILT_PRODUCTS_DIR; };
		FA8D8FFF285CD3B2007E8FE8 /* FetchDesertRewardUITests.swift */ = {isa = PBXFileReference; lastKnownFileType = sourcecode.swift; path = FetchDesertRewardUITests.swift; sourceTree = "<group>"; };
		FA8D9001285CD3B2007E8FE8 /* FetchDesertRewardUITestsLaunchTests.swift */ = {isa = PBXFileReference; lastKnownFileType = sourcecode.swift; path = FetchDesertRewardUITestsLaunchTests.swift; sourceTree = "<group>"; };
		FA8D900E285CD450007E8FE8 /* DesertModels.swift */ = {isa = PBXFileReference; lastKnownFileType = sourcecode.swift; path = DesertModels.swift; sourceTree = "<group>"; };
		FA8D9010285CD48C007E8FE8 /* Deserts.json */ = {isa = PBXFileReference; fileEncoding = 4; lastKnownFileType = text.json; path = Deserts.json; sourceTree = "<group>"; };
		FA8D9011285CD48C007E8FE8 /* Meals.json */ = {isa = PBXFileReference; fileEncoding = 4; lastKnownFileType = text.json; path = Meals.json; sourceTree = "<group>"; };
/* End PBXFileReference section */

/* Begin PBXFrameworksBuildPhase section */
		FA8D8FD8285CD3B1007E8FE8 /* Frameworks */ = {
			isa = PBXFrameworksBuildPhase;
			buildActionMask = 2147483647;
			files = (
			);
			runOnlyForDeploymentPostprocessing = 0;
		};
		FA8D8FEE285CD3B2007E8FE8 /* Frameworks */ = {
			isa = PBXFrameworksBuildPhase;
			buildActionMask = 2147483647;
			files = (
			);
			runOnlyForDeploymentPostprocessing = 0;
		};
		FA8D8FF8285CD3B2007E8FE8 /* Frameworks */ = {
			isa = PBXFrameworksBuildPhase;
			buildActionMask = 2147483647;
			files = (
			);
			runOnlyForDeploymentPostprocessing = 0;
		};
/* End PBXFrameworksBuildPhase section */

/* Begin PBXGroup section */
		FA8D8FD2285CD3B1007E8FE8 = {
			isa = PBXGroup;
			children = (
				FA8D8FDD285CD3B1007E8FE8 /* FetchDesertReward */,
				FA8D8FF4285CD3B2007E8FE8 /* FetchDesertRewardTests */,
				FA8D8FFE285CD3B2007E8FE8 /* FetchDesertRewardUITests */,
				FA8D8FDC285CD3B1007E8FE8 /* Products */,
			);
			sourceTree = "<group>";
		};
		FA8D8FDC285CD3B1007E8FE8 /* Products */ = {
			isa = PBXGroup;
			children = (
				FA8D8FDB285CD3B1007E8FE8 /* FetchDesertReward.app */,
				FA8D8FF1285CD3B2007E8FE8 /* FetchDesertRewardTests.xctest */,
				FA8D8FFB285CD3B2007E8FE8 /* FetchDesertRewardUITests.xctest */,
			);
			name = Products;
			sourceTree = "<group>";
		};
		FA8D8FDD285CD3B1007E8FE8 /* FetchDesertReward */ = {
			isa = PBXGroup;
			children = (
				FA8D8FDE285CD3B1007E8FE8 /* AppDelegate.swift */,
				FA8D8FE0285CD3B1007E8FE8 /* SceneDelegate.swift */,
				FA8D8FE2285CD3B1007E8FE8 /* ViewController.swift */,
				FA8D8FE4285CD3B1007E8FE8 /* Main.storyboard */,
				FA8D8FE7285CD3B1007E8FE8 /* Assets.xcassets */,
				FA8D8FE9285CD3B1007E8FE8 /* LaunchScreen.storyboard */,
				FA8D8FEC285CD3B1007E8FE8 /* Info.plist */,
				FA8D900E285CD450007E8FE8 /* DesertModels.swift */,
			);
			path = FetchDesertReward;
			sourceTree = "<group>";
		};
		FA8D8FF4285CD3B2007E8FE8 /* FetchDesertRewardTests */ = {
			isa = PBXGroup;
			children = (
				FA8D9010285CD48C007E8FE8 /* Deserts.json */,
				FA8D9011285CD48C007E8FE8 /* Meals.json */,
				FA8D8FF5285CD3B2007E8FE8 /* FetchDesertRewardTests.swift */,
			);
			path = FetchDesertRewardTests;
			sourceTree = "<group>";
		};
		FA8D8FFE285CD3B2007E8FE8 /* FetchDesertRewardUITests */ = {
			isa = PBXGroup;
			children = (
				FA8D8FFF285CD3B2007E8FE8 /* FetchDesertRewardUITests.swift */,
				FA8D9001285CD3B2007E8FE8 /* FetchDesertRewardUITestsLaunchTests.swift */,
			);
			path = FetchDesertRewardUITests;
			sourceTree = "<group>";
		};
/* End PBXGroup section */

/* Begin PBXNativeTarget section */
		FA8D8FDA285CD3B1007E8FE8 /* FetchDesertReward */ = {
			isa = PBXNativeTarget;
			buildConfigurationList = FA8D9005285CD3B2007E8FE8 /* Build configuration list for PBXNativeTarget "FetchDesertReward" */;
			buildPhases = (
				FA8D8FD7285CD3B1007E8FE8 /* Sources */,
				FA8D8FD8285CD3B1007E8FE8 /* Frameworks */,
				FA8D8FD9285CD3B1007E8FE8 /* Resources */,
			);
			buildRules = (
			);
			dependencies = (
			);
			name = FetchDesertReward;
			productName = FetchDesertReward;
			productReference = FA8D8FDB285CD3B1007E8FE8 /* FetchDesertReward.app */;
			productType = "com.apple.product-type.application";
		};
		FA8D8FF0285CD3B2007E8FE8 /* FetchDesertRewardTests */ = {
			isa = PBXNativeTarget;
			buildConfigurationList = FA8D9008285CD3B2007E8FE8 /* Build configuration list for PBXNativeTarget "FetchDesertRewardTests" */;
			buildPhases = (
				FA8D8FED285CD3B2007E8FE8 /* Sources */,
				FA8D8FEE285CD3B2007E8FE8 /* Frameworks */,
				FA8D8FEF285CD3B2007E8FE8 /* Resources */,
			);
			buildRules = (
			);
			dependencies = (
				FA8D8FF3285CD3B2007E8FE8 /* PBXTargetDependency */,
			);
			name = FetchDesertRewardTests;
			productName = FetchDesertRewardTests;
			productReference = FA8D8FF1285CD3B2007E8FE8 /* FetchDesertRewardTests.xctest */;
			productType = "com.apple.product-type.bundle.unit-test";
		};
		FA8D8FFA285CD3B2007E8FE8 /* FetchDesertRewardUITests */ = {
			isa = PBXNativeTarget;
			buildConfigurationList = FA8D900B285CD3B2007E8FE8 /* Build configuration list for PBXNativeTarget "FetchDesertRewardUITests" */;
			buildPhases = (
				FA8D8FF7285CD3B2007E8FE8 /* Sources */,
				FA8D8FF8285CD3B2007E8FE8 /* Frameworks */,
				FA8D8FF9285CD3B2007E8FE8 /* Resources */,
			);
			buildRules = (
			);
			dependencies = (
				FA8D8FFD285CD3B2007E8FE8 /* PBXTargetDependency */,
			);
			name = FetchDesertRewardUITests;
			productName = FetchDesertRewardUITests;
			productReference = FA8D8FFB285CD3B2007E8FE8 /* FetchDesertRewardUITests.xctest */;
			productType = "com.apple.product-type.bundle.ui-testing";
		};
/* End PBXNativeTarget section */

/* Begin PBXProject section */
		FA8D8FD3285CD3B1007E8FE8 /* Project object */ = {
			isa = PBXProject;
			attributes = {
				BuildIndependentTargetsInParallel = 1;
				LastSwiftUpdateCheck = 1340;
				LastUpgradeCheck = 1340;
				TargetAttributes = {
					FA8D8FDA285CD3B1007E8FE8 = {
						CreatedOnToolsVersion = 13.4.1;
					};
					FA8D8FF0285CD3B2007E8FE8 = {
						CreatedOnToolsVersion = 13.4.1;
						TestTargetID = FA8D8FDA285CD3B1007E8FE8;
					};
					FA8D8FFA285CD3B2007E8FE8 = {
						CreatedOnToolsVersion = 13.4.1;
						TestTargetID = FA8D8FDA285CD3B1007E8FE8;
					};
				};
			};
			buildConfigurationList = FA8D8FD6285CD3B1007E8FE8 /* Build configuration list for PBXProject "FetchDesertReward" */;
			compatibilityVersion = "Xcode 13.0";
			developmentRegion = en;
			hasScannedForEncodings = 0;
			knownRegions = (
				en,
				Base,
			);
			mainGroup = FA8D8FD2285CD3B1007E8FE8;
			productRefGroup = FA8D8FDC285CD3B1007E8FE8 /* Products */;
			projectDirPath = "";
			projectRoot = "";
			targets = (
				FA8D8FDA285CD3B1007E8FE8 /* FetchDesertReward */,
				FA8D8FF0285CD3B2007E8FE8 /* FetchDesertRewardTests */,
				FA8D8FFA285CD3B2007E8FE8 /* FetchDesertRewardUITests */,
			);
		};
/* End PBXProject section */

/* Begin PBXResourcesBuildPhase section */
		FA8D8FD9285CD3B1007E8FE8 /* Resources */ = {
			isa = PBXResourcesBuildPhase;
			buildActionMask = 2147483647;
			files = (
				FA8D8FEB285CD3B1007E8FE8 /* LaunchScreen.storyboard in Resources */,
				FA8D8FE8285CD3B1007E8FE8 /* Assets.xcassets in Resources */,
				FA8D8FE6285CD3B1007E8FE8 /* Main.storyboard in Resources */,
			);
			runOnlyForDeploymentPostprocessing = 0;
		};
		FA8D8FEF285CD3B2007E8FE8 /* Resources */ = {
			isa = PBXResourcesBuildPhase;
			buildActionMask = 2147483647;
			files = (
				FA8D9013285CD48C007E8FE8 /* Meals.json in Resources */,
				FA8D9012285CD48C007E8FE8 /* Deserts.json in Resources */,
			);
			runOnlyForDeploymentPostprocessing = 0;
		};
		FA8D8FF9285CD3B2007E8FE8 /* Resources */ = {
			isa = PBXResourcesBuildPhase;
			buildActionMask = 2147483647;
			files = (
			);
			runOnlyForDeploymentPostprocessing = 0;
		};
/* End PBXResourcesBuildPhase section */

/* Begin PBXSourcesBuildPhase section */
		FA8D8FD7285CD3B1007E8FE8 /* Sources */ = {
			isa = PBXSourcesBuildPhase;
			buildActionMask = 2147483647;
			files = (
				FA8D900F285CD450007E8FE8 /* DesertModels.swift in Sources */,
				FA8D8FE3285CD3B1007E8FE8 /* ViewController.swift in Sources */,
				FA8D8FDF285CD3B1007E8FE8 /* AppDelegate.swift in Sources */,
				FA8D8FE1285CD3B1007E8FE8 /* SceneDelegate.swift in Sources */,
			);
			runOnlyForDeploymentPostprocessing = 0;
		};
		FA8D8FED285CD3B2007E8FE8 /* Sources */ = {
			isa = PBXSourcesBuildPhase;
			buildActionMask = 2147483647;
			files = (
				FA8D8FF6285CD3B2007E8FE8 /* FetchDesertRewardTests.swift in Sources */,
			);
			runOnlyForDeploymentPostprocessing = 0;
		};
		FA8D8FF7285CD3B2007E8FE8 /* Sources */ = {
			isa = PBXSourcesBuildPhase;
			buildActionMask = 2147483647;
			files = (
				FA8D9000285CD3B2007E8FE8 /* FetchDesertRewardUITests.swift in Sources */,
				FA8D9002285CD3B2007E8FE8 /* FetchDesertRewardUITestsLaunchTests.swift in Sources */,
			);
			runOnlyForDeploymentPostprocessing = 0;
		};
/* End PBXSourcesBuildPhase section */

/* Begin PBXTargetDependency section */
		FA8D8FF3285CD3B2007E8FE8 /* PBXTargetDependency */ = {
			isa = PBXTargetDependency;
			target = FA8D8FDA285CD3B1007E8FE8 /* FetchDesertReward */;
			targetProxy = FA8D8FF2285CD3B2007E8FE8 /* PBXContainerItemProxy */;
		};
		FA8D8FFD285CD3B2007E8FE8 /* PBXTargetDependency */ = {
			isa = PBXTargetDependency;
			target = FA8D8FDA285CD3B1007E8FE8 /* FetchDesertReward */;
			targetProxy = FA8D8FFC285CD3B2007E8FE8 /* PBXContainerItemProxy */;
		};
/* End PBXTargetDependency section */

/* Begin PBXVariantGroup section */
		FA8D8FE4285CD3B1007E8FE8 /* Main.storyboard */ = {
			isa = PBXVariantGroup;
			children = (
				FA8D8FE5285CD3B1007E8FE8 /* Base */,
			);
			name = Main.storyboard;
			sourceTree = "<group>";
		};
		FA8D8FE9285CD3B1007E8FE8 /* LaunchScreen.storyboard */ = {
			isa = PBXVariantGroup;
			children = (
				FA8D8FEA285CD3B1007E8FE8 /* Base */,
			);
			name = LaunchScreen.storyboard;
			sourceTree = "<group>";
		};
/* End PBXVariantGroup section */

/* Begin XCBuildConfiguration section */
		FA8D9003285CD3B2007E8FE8 /* Debug */ = {
			isa = XCBuildConfiguration;
			buildSettings = {
				ALWAYS_SEARCH_USER_PATHS = NO;
				CLANG_ANALYZER_NONNULL = YES;
				CLANG_ANALYZER_NUMBER_OBJECT_CONVERSION = YES_AGGRESSIVE;
				CLANG_CXX_LANGUAGE_STANDARD = "gnu++17";
				CLANG_ENABLE_MODULES = YES;
				CLANG_ENABLE_OBJC_ARC = YES;
				CLANG_ENABLE_OBJC_WEAK = YES;
				CLANG_WARN_BLOCK_CAPTURE_AUTORELEASING = YES;
				CLANG_WARN_BOOL_CONVERSION = YES;
				CLANG_WARN_COMMA = YES;
				CLANG_WARN_CONSTANT_CONVERSION = YES;
				CLANG_WARN_DEPRECATED_OBJC_IMPLEMENTATIONS = YES;
				CLANG_WARN_DIRECT_OBJC_ISA_USAGE = YES_ERROR;
				CLANG_WARN_DOCUMENTATION_COMMENTS = YES;
				CLANG_WARN_EMPTY_BODY = YES;
				CLANG_WARN_ENUM_CONVERSION = YES;
				CLANG_WARN_INFINITE_RECURSION = YES;
				CLANG_WARN_INT_CONVERSION = YES;
				CLANG_WARN_NON_LITERAL_NULL_CONVERSION = YES;
				CLANG_WARN_OBJC_IMPLICIT_RETAIN_SELF = YES;
				CLANG_WARN_OBJC_LITERAL_CONVERSION = YES;
				CLANG_WARN_OBJC_ROOT_CLASS = YES_ERROR;
				CLANG_WARN_QUOTED_INCLUDE_IN_FRAMEWORK_HEADER = YES;
				CLANG_WARN_RANGE_LOOP_ANALYSIS = YES;
				CLANG_WARN_STRICT_PROTOTYPES = YES;
				CLANG_WARN_SUSPICIOUS_MOVE = YES;
				CLANG_WARN_UNGUARDED_AVAILABILITY = YES_AGGRESSIVE;
				CLANG_WARN_UNREACHABLE_CODE = YES;
				CLANG_WARN__DUPLICATE_METHOD_MATCH = YES;
				COPY_PHASE_STRIP = NO;
				DEBUG_INFORMATION_FORMAT = dwarf;
				ENABLE_STRICT_OBJC_MSGSEND = YES;
				ENABLE_TESTABILITY = YES;
				GCC_C_LANGUAGE_STANDARD = gnu11;
				GCC_DYNAMIC_NO_PIC = NO;
				GCC_NO_COMMON_BLOCKS = YES;
				GCC_OPTIMIZATION_LEVEL = 0;
				GCC_PREPROCESSOR_DEFINITIONS = (
					"DEBUG=1",
					"$(inherited)",
				);
				GCC_WARN_64_TO_32_BIT_CONVERSION = YES;
				GCC_WARN_ABOUT_RETURN_TYPE = YES_ERROR;
				GCC_WARN_UNDECLARED_SELECTOR = YES;
				GCC_WARN_UNINITIALIZED_AUTOS = YES_AGGRESSIVE;
				GCC_WARN_UNUSED_FUNCTION = YES;
				GCC_WARN_UNUSED_VARIABLE = YES;
				IPHONEOS_DEPLOYMENT_TARGET = 15.5;
				MTL_ENABLE_DEBUG_INFO = INCLUDE_SOURCE;
				MTL_FAST_MATH = YES;
				ONLY_ACTIVE_ARCH = YES;
				SDKROOT = iphoneos;
				SWIFT_ACTIVE_COMPILATION_CONDITIONS = DEBUG;
				SWIFT_OPTIMIZATION_LEVEL = "-Onone";
			};
			name = Debug;
		};
		FA8D9004285CD3B2007E8FE8 /* Release */ = {
			isa = XCBuildConfiguration;
			buildSettings = {
				ALWAYS_SEARCH_USER_PATHS = NO;
				CLANG_ANALYZER_NONNULL = YES;
				CLANG_ANALYZER_NUMBER_OBJECT_CONVERSION = YES_AGGRESSIVE;
				CLANG_CXX_LANGUAGE_STANDARD = "gnu++17";
				CLANG_ENABLE_MODULES = YES;
				CLANG_ENABLE_OBJC_ARC = YES;
				CLANG_ENABLE_OBJC_WEAK = YES;
				CLANG_WARN_BLOCK_CAPTURE_AUTORELEASING = YES;
				CLANG_WARN_BOOL_CONVERSION = YES;
				CLANG_WARN_COMMA = YES;
				CLANG_WARN_CONSTANT_CONVERSION = YES;
				CLANG_WARN_DEPRECATED_OBJC_IMPLEMENTATIONS = YES;
				CLANG_WARN_DIRECT_OBJC_ISA_USAGE = YES_ERROR;
				CLANG_WARN_DOCUMENTATION_COMMENTS = YES;
				CLANG_WARN_EMPTY_BODY = YES;
				CLANG_WARN_ENUM_CONVERSION = YES;
				CLANG_WARN_INFINITE_RECURSION = YES;
				CLANG_WARN_INT_CONVERSION = YES;
				CLANG_WARN_NON_LITERAL_NULL_CONVERSION = YES;
				CLANG_WARN_OBJC_IMPLICIT_RETAIN_SELF = YES;
				CLANG_WARN_OBJC_LITERAL_CONVERSION = YES;
				CLANG_WARN_OBJC_ROOT_CLASS = YES_ERROR;
				CLANG_WARN_QUOTED_INCLUDE_IN_FRAMEWORK_HEADER = YES;
				CLANG_WARN_RANGE_LOOP_ANALYSIS = YES;
				CLANG_WARN_STRICT_PROTOTYPES = YES;
				CLANG_WARN_SUSPICIOUS_MOVE = YES;
				CLANG_WARN_UNGUARDED_AVAILABILITY = YES_AGGRESSIVE;
				CLANG_WARN_UNREACHABLE_CODE = YES;
				CLANG_WARN__DUPLICATE_METHOD_MATCH = YES;
				COPY_PHASE_STRIP = NO;
				DEBUG_INFORMATION_FORMAT = "dwarf-with-dsym";
				ENABLE_NS_ASSERTIONS = NO;
				ENABLE_STRICT_OBJC_MSGSEND = YES;
				GCC_C_LANGUAGE_STANDARD = gnu11;
				GCC_NO_COMMON_BLOCKS = YES;
				GCC_WARN_64_TO_32_BIT_CONVERSION = YES;
				GCC_WARN_ABOUT_RETURN_TYPE = YES_ERROR;
				GCC_WARN_UNDECLARED_SELECTOR = YES;
				GCC_WARN_UNINITIALIZED_AUTOS = YES_AGGRESSIVE;
				GCC_WARN_UNUSED_FUNCTION = YES;
				GCC_WARN_UNUSED_VARIABLE = YES;
				IPHONEOS_DEPLOYMENT_TARGET = 15.5;
				MTL_ENABLE_DEBUG_INFO = NO;
				MTL_FAST_MATH = YES;
				SDKROOT = iphoneos;
				SWIFT_COMPILATION_MODE = wholemodule;
				SWIFT_OPTIMIZATION_LEVEL = "-O";
				VALIDATE_PRODUCT = YES;
			};
			name = Release;
		};
		FA8D9006285CD3B2007E8FE8 /* Debug */ = {
			isa = XCBuildConfiguration;
			buildSettings = {
				ASSETCATALOG_COMPILER_APPICON_NAME = AppIcon;
				ASSETCATALOG_COMPILER_GLOBAL_ACCENT_COLOR_NAME = AccentColor;
				CODE_SIGN_STYLE = Automatic;
				CURRENT_PROJECT_VERSION = 1;
				DEVELOPMENT_TEAM = GAW47D4MAE;
				GENERATE_INFOPLIST_FILE = YES;
				INFOPLIST_FILE = FetchDesertReward/Info.plist;
				INFOPLIST_KEY_UIApplicationSupportsIndirectInputEvents = YES;
				INFOPLIST_KEY_UILaunchStoryboardName = LaunchScreen;
				INFOPLIST_KEY_UIMainStoryboardFile = Main;
				INFOPLIST_KEY_UISupportedInterfaceOrientations_iPad = "UIInterfaceOrientationPortrait UIInterfaceOrientationPortraitUpsideDown UIInterfaceOrientationLandscapeLeft UIInterfaceOrientationLandscapeRight";
				INFOPLIST_KEY_UISupportedInterfaceOrientations_iPhone = "UIInterfaceOrientationPortrait UIInterfaceOrientationLandscapeLeft UIInterfaceOrientationLandscapeRight";
				LD_RUNPATH_SEARCH_PATHS = (
					"$(inherited)",
					"@executable_path/Frameworks",
				);
				MARKETING_VERSION = 1.0;
				PRODUCT_BUNDLE_IDENTIFIER = com.c3.FetchDesertReward;
				PRODUCT_NAME = "$(TARGET_NAME)";
				SWIFT_EMIT_LOC_STRINGS = YES;
				SWIFT_VERSION = 5.0;
				TARGETED_DEVICE_FAMILY = "1,2";
			};
			name = Debug;
		};
		FA8D9007285CD3B2007E8FE8 /* Release */ = {
			isa = XCBuildConfiguration;
			buildSettings = {
				ASSETCATALOG_COMPILER_APPICON_NAME = AppIcon;
				ASSETCATALOG_COMPILER_GLOBAL_ACCENT_COLOR_NAME = AccentColor;
				CODE_SIGN_STYLE = Automatic;
				CURRENT_PROJECT_VERSION = 1;
				DEVELOPMENT_TEAM = GAW47D4MAE;
				GENERATE_INFOPLIST_FILE = YES;
				INFOPLIST_FILE = FetchDesertReward/Info.plist;
				INFOPLIST_KEY_UIApplicationSupportsIndirectInputEvents = YES;
				INFOPLIST_KEY_UILaunchStoryboardName = LaunchScreen;
				INFOPLIST_KEY_UIMainStoryboardFile = Main;
				INFOPLIST_KEY_UISupportedInterfaceOrientations_iPad = "UIInterfaceOrientationPortrait UIInterfaceOrientationPortraitUpsideDown UIInterfaceOrientationLandscapeLeft UIInterfaceOrientationLandscapeRight";
				INFOPLIST_KEY_UISupportedInterfaceOrientations_iPhone = "UIInterfaceOrientationPortrait UIInterfaceOrientationLandscapeLeft UIInterfaceOrientationLandscapeRight";
				LD_RUNPATH_SEARCH_PATHS = (
					"$(inherited)",
					"@executable_path/Frameworks",
				);
				MARKETING_VERSION = 1.0;
				PRODUCT_BUNDLE_IDENTIFIER = com.c3.FetchDesertReward;
				PRODUCT_NAME = "$(TARGET_NAME)";
				SWIFT_EMIT_LOC_STRINGS = YES;
				SWIFT_VERSION = 5.0;
				TARGETED_DEVICE_FAMILY = "1,2";
			};
			name = Release;
		};
		FA8D9009285CD3B2007E8FE8 /* Debug */ = {
			isa = XCBuildConfiguration;
			buildSettings = {
				ALWAYS_EMBED_SWIFT_STANDARD_LIBRARIES = YES;
				BUNDLE_LOADER = "$(TEST_HOST)";
				CODE_SIGN_STYLE = Automatic;
				CURRENT_PROJECT_VERSION = 1;
				DEVELOPMENT_TEAM = GAW47D4MAE;
				GENERATE_INFOPLIST_FILE = YES;
				IPHONEOS_DEPLOYMENT_TARGET = 15.5;
				MARKETING_VERSION = 1.0;
				PRODUCT_BUNDLE_IDENTIFIER = com.c3.FetchDesertRewardTests;
				PRODUCT_NAME = "$(TARGET_NAME)";
				SWIFT_EMIT_LOC_STRINGS = NO;
				SWIFT_VERSION = 5.0;
				TARGETED_DEVICE_FAMILY = "1,2";
				TEST_HOST = "$(BUILT_PRODUCTS_DIR)/FetchDesertReward.app/FetchDesertReward";
			};
			name = Debug;
		};
		FA8D900A285CD3B2007E8FE8 /* Release */ = {
			isa = XCBuildConfiguration;
			buildSettings = {
				ALWAYS_EMBED_SWIFT_STANDARD_LIBRARIES = YES;
				BUNDLE_LOADER = "$(TEST_HOST)";
				CODE_SIGN_STYLE = Automatic;
				CURRENT_PROJECT_VERSION = 1;
				DEVELOPMENT_TEAM = GAW47D4MAE;
				GENERATE_INFOPLIST_FILE = YES;
				IPHONEOS_DEPLOYMENT_TARGET = 15.5;
				MARKETING_VERSION = 1.0;
				PRODUCT_BUNDLE_IDENTIFIER = com.c3.FetchDesertRewardTests;
				PRODUCT_NAME = "$(TARGET_NAME)";
				SWIFT_EMIT_LOC_STRINGS = NO;
				SWIFT_VERSION = 5.0;
				TARGETED_DEVICE_FAMILY = "1,2";
				TEST_HOST = "$(BUILT_PRODUCTS_DIR)/FetchDesertReward.app/FetchDesertReward";
			};
			name = Release;
		};
		FA8D900C285CD3B2007E8FE8 /* Debug */ = {
			isa = XCBuildConfiguration;
			buildSettings = {
				ALWAYS_EMBED_SWIFT_STANDARD_LIBRARIES = YES;
				CODE_SIGN_STYLE = Automatic;
				CURRENT_PROJECT_VERSION = 1;
				DEVELOPMENT_TEAM = GAW47D4MAE;
				GENERATE_INFOPLIST_FILE = YES;
				MARKETING_VERSION = 1.0;
				PRODUCT_BUNDLE_IDENTIFIER = com.c3.FetchDesertRewardUITests;
				PRODUCT_NAME = "$(TARGET_NAME)";
				SWIFT_EMIT_LOC_STRINGS = NO;
				SWIFT_VERSION = 5.0;
				TARGETED_DEVICE_FAMILY = "1,2";
				TEST_TARGET_NAME = FetchDesertReward;
			};
			name = Debug;
		};
		FA8D900D285CD3B2007E8FE8 /* Release */ = {
			isa = XCBuildConfiguration;
			buildSettings = {
				ALWAYS_EMBED_SWIFT_STANDARD_LIBRARIES = YES;
				CODE_SIGN_STYLE = Automatic;
				CURRENT_PROJECT_VERSION = 1;
				DEVELOPMENT_TEAM = GAW47D4MAE;
				GENERATE_INFOPLIST_FILE = YES;
				MARKETING_VERSION = 1.0;
				PRODUCT_BUNDLE_IDENTIFIER = com.c3.FetchDesertRewardUITests;
				PRODUCT_NAME = "$(TARGET_NAME)";
				SWIFT_EMIT_LOC_STRINGS = NO;
				SWIFT_VERSION = 5.0;
				TARGETED_DEVICE_FAMILY = "1,2";
				TEST_TARGET_NAME = FetchDesertReward;
			};
			name = Release;
		};
/* End XCBuildConfiguration section */

/* Begin XCConfigurationList section */
		FA8D8FD6285CD3B1007E8FE8 /* Build configuration list for PBXProject "FetchDesertReward" */ = {
			isa = XCConfigurationList;
			buildConfigurations = (
				FA8D9003285CD3B2007E8FE8 /* Debug */,
				FA8D9004285CD3B2007E8FE8 /* Release */,
			);
			defaultConfigurationIsVisible = 0;
			defaultConfigurationName = Release;
		};
		FA8D9005285CD3B2007E8FE8 /* Build configuration list for PBXNativeTarget "FetchDesertReward" */ = {
			isa = XCConfigurationList;
			buildConfigurations = (
				FA8D9006285CD3B2007E8FE8 /* Debug */,
				FA8D9007285CD3B2007E8FE8 /* Release */,
			);
			defaultConfigurationIsVisible = 0;
			defaultConfigurationName = Release;
		};
		FA8D9008285CD3B2007E8FE8 /* Build configuration list for PBXNativeTarget "FetchDesertRewardTests" */ = {
			isa = XCConfigurationList;
			buildConfigurations = (
				FA8D9009285CD3B2007E8FE8 /* Debug */,
				FA8D900A285CD3B2007E8FE8 /* Release */,
			);
			defaultConfigurationIsVisible = 0;
			defaultConfigurationName = Release;
		};
		FA8D900B285CD3B2007E8FE8 /* Build configuration list for PBXNativeTarget "FetchDesertRewardUITests" */ = {
			isa = XCConfigurationList;
			buildConfigurations = (
				FA8D900C285CD3B2007E8FE8 /* Debug */,
				FA8D900D285CD3B2007E8FE8 /* Release */,
			);
			defaultConfigurationIsVisible = 0;
			defaultConfigurationName = Release;
		};
/* End XCConfigurationList section */
	};
	rootObject = FA8D8FD3285CD3B1007E8FE8 /* Project object */;
}
